
Microsoft Visual Studio Solution File, Format Version 12.00
# Visual Studio Version 17
VisualStudioVersion = 17.5.002.0
MinimumVisualStudioVersion = 10.0.40219.1
Project("{9A19103F-16F7-4668-BE54-9A1E7A4F7556}") = "semana_2_figuras", "semana_2_figuras\semana_2_figuras.csproj", "{1DEC8AAF-C7AF-432E-95B8-FAC5D1BD6B3C}"
EndProject
Project("{9A19103F-16F7-4668-BE54-9A1E7A4F7556}") = "semana_3_arrays", "semana_3_arrays\semana_3_arrays.csproj", "{A20083E1-8F5A-42C8-9CC8-0CC2856EA2FD}"
EndProject
Global
	GlobalSection(SolutionConfigurationPlatforms) = preSolution
		Debug|Any CPU = Debug|Any CPU
		Release|Any CPU = Release|Any CPU
	EndGlobalSection
	GlobalSection(ProjectConfigurationPlatforms) = postSolution
		{1DEC8AAF-C7AF-432E-95B8-FAC5D1BD6B3C}.Debug|Any CPU.ActiveCfg = Debug|Any CPU
		{1DEC8AAF-C7AF-432E-95B8-FAC5D1BD6B3C}.Debug|Any CPU.Build.0 = Debug|Any CPU
		{1DEC8AAF-C7AF-432E-95B8-FAC5D1BD6B3C}.Release|Any CPU.ActiveCfg = Release|Any CPU
		{1DEC8AAF-C7AF-432E-95B8-FAC5D1BD6B3C}.Release|Any CPU.Build.0 = Release|Any CPU
		{A20083E1-8F5A-42C8-9CC8-0CC2856EA2FD}.Debug|Any CPU.ActiveCfg = Debug|Any CPU
		{A20083E1-8F5A-42C8-9CC8-0CC2856EA2FD}.Debug|Any CPU.Build.0 = Debug|Any CPU
		{A20083E1-8F5A-42C8-9CC8-0CC2856EA2FD}.Release|Any CPU.ActiveCfg = Release|Any CPU
		{A20083E1-8F5A-42C8-9CC8-0CC2856EA2FD}.Release|Any CPU.Build.0 = Release|Any CPU
	EndGlobalSection
	GlobalSection(SolutionProperties) = preSolution
		HideSolutionNode = FALSE
	EndGlobalSection
	GlobalSection(ExtensibilityGlobals) = postSolution
		SolutionGuid = {C5801BED-BF49-40A6-B569-CF42DFD6A01F}
	EndGlobalSection
EndGlobal
